
Microsoft Visual Studio Solution File, Format Version 12.00
# Visual Studio Version 17
VisualStudioVersion = 17.3.32929.385
MinimumVisualStudioVersion = 10.0.40219.1
Project("{9A19103F-16F7-4668-BE54-9A1E7A4F7556}") = "FoxholeItemAPI_Web", "FoxholeItemAPI_Web\FoxholeItemAPI_Web.csproj", "{C2B0B7C3-9528-42F5-99B8-A996C97F1704}"
EndProject
Project("{9A19103F-16F7-4668-BE54-9A1E7A4F7556}") = "FoxholeItemAPI_Tests", "FoxholeItemAPI_Tests\FoxholeItemAPI_Tests.csproj", "{093BCB3D-F0E1-4CB9-93C7-EFBB4F0BF6C5}"
EndProject
Project("{FAE04EC0-301F-11D3-BF4B-00C04F79EFBC}") = "FoxholeItemAPI", "FoxholeItemAPI\FoxholeItemAPI.csproj", "{2A361009-047A-471C-B413-55824CEED634}"
EndProject
Global
	GlobalSection(SolutionConfigurationPlatforms) = preSolution
		Debug|Any CPU = Debug|Any CPU
		Release|Any CPU = Release|Any CPU
	EndGlobalSection
	GlobalSection(ProjectConfigurationPlatforms) = postSolution
		{C2B0B7C3-9528-42F5-99B8-A996C97F1704}.Debug|Any CPU.ActiveCfg = Debug|Any CPU
		{C2B0B7C3-9528-42F5-99B8-A996C97F1704}.Debug|Any CPU.Build.0 = Debug|Any CPU
		{C2B0B7C3-9528-42F5-99B8-A996C97F1704}.Release|Any CPU.ActiveCfg = Release|Any CPU
		{C2B0B7C3-9528-42F5-99B8-A996C97F1704}.Release|Any CPU.Build.0 = Release|Any CPU
		{093BCB3D-F0E1-4CB9-93C7-EFBB4F0BF6C5}.Debug|Any CPU.ActiveCfg = Debug|Any CPU
		{093BCB3D-F0E1-4CB9-93C7-EFBB4F0BF6C5}.Debug|Any CPU.Build.0 = Debug|Any CPU
		{093BCB3D-F0E1-4CB9-93C7-EFBB4F0BF6C5}.Release|Any CPU.ActiveCfg = Release|Any CPU
		{093BCB3D-F0E1-4CB9-93C7-EFBB4F0BF6C5}.Release|Any CPU.Build.0 = Release|Any CPU
		{2A361009-047A-471C-B413-55824CEED634}.Debug|Any CPU.ActiveCfg = Debug|Any CPU
		{2A361009-047A-471C-B413-55824CEED634}.Debug|Any CPU.Build.0 = Debug|Any CPU
		{2A361009-047A-471C-B413-55824CEED634}.Release|Any CPU.ActiveCfg = Release|Any CPU
		{2A361009-047A-471C-B413-55824CEED634}.Release|Any CPU.Build.0 = Release|Any CPU
	EndGlobalSection
	GlobalSection(SolutionProperties) = preSolution
		HideSolutionNode = FALSE
	EndGlobalSection
	GlobalSection(ExtensibilityGlobals) = postSolution
		SolutionGuid = {D12D9F63-E985-47E2-B8A1-099072047379}
	EndGlobalSection
EndGlobal
